
Microsoft Visual Studio Solution File, Format Version 12.00
# Visual Studio 15
VisualStudioVersion = 15.0.28307.489
MinimumVisualStudioVersion = 10.0.40219.1
Project("{9A19103F-16F7-4668-BE54-9A1E7A4F7556}") = "Raft", "Raft\Raft.csproj", "{40872671-87DC-4E60-8FBD-84EBA5CCFC33}"
EndProject
Project("{9A19103F-16F7-4668-BE54-9A1E7A4F7556}") = "RaftServer", "RaftServer\RaftServer.csproj", "{F35BDF58-316D-44C8-B70E-F5D6A247ED20}"
EndProject
Project("{9A19103F-16F7-4668-BE54-9A1E7A4F7556}") = "RaftClient", "RaftClient\RaftClient.csproj", "{2972D248-ED4B-44D8-BB4D-3BC7CE0101BC}"
EndProject
Project("{9A19103F-16F7-4668-BE54-9A1E7A4F7556}") = "RaftCommon", "RaftCommon\RaftCommon.csproj", "{61EE6974-BE7F-4878-B98D-9C97C3141C93}"
EndProject
Global
	GlobalSection(SolutionConfigurationPlatforms) = preSolution
		Debug|Any CPU = Debug|Any CPU
		Release|Any CPU = Release|Any CPU
	EndGlobalSection
	GlobalSection(ProjectConfigurationPlatforms) = postSolution
		{40872671-87DC-4E60-8FBD-84EBA5CCFC33}.Debug|Any CPU.ActiveCfg = Debug|Any CPU
		{40872671-87DC-4E60-8FBD-84EBA5CCFC33}.Debug|Any CPU.Build.0 = Debug|Any CPU
		{40872671-87DC-4E60-8FBD-84EBA5CCFC33}.Release|Any CPU.ActiveCfg = Release|Any CPU
		{40872671-87DC-4E60-8FBD-84EBA5CCFC33}.Release|Any CPU.Build.0 = Release|Any CPU
		{F35BDF58-316D-44C8-B70E-F5D6A247ED20}.Debug|Any CPU.ActiveCfg = Debug|Any CPU
		{F35BDF58-316D-44C8-B70E-F5D6A247ED20}.Debug|Any CPU.Build.0 = Debug|Any CPU
		{F35BDF58-316D-44C8-B70E-F5D6A247ED20}.Release|Any CPU.ActiveCfg = Release|Any CPU
		{F35BDF58-316D-44C8-B70E-F5D6A247ED20}.Release|Any CPU.Build.0 = Release|Any CPU
		{2972D248-ED4B-44D8-BB4D-3BC7CE0101BC}.Debug|Any CPU.ActiveCfg = Debug|Any CPU
		{2972D248-ED4B-44D8-BB4D-3BC7CE0101BC}.Debug|Any CPU.Build.0 = Debug|Any CPU
		{2972D248-ED4B-44D8-BB4D-3BC7CE0101BC}.Release|Any CPU.ActiveCfg = Release|Any CPU
		{2972D248-ED4B-44D8-BB4D-3BC7CE0101BC}.Release|Any CPU.Build.0 = Release|Any CPU
		{61EE6974-BE7F-4878-B98D-9C97C3141C93}.Debug|Any CPU.ActiveCfg = Debug|Any CPU
		{61EE6974-BE7F-4878-B98D-9C97C3141C93}.Debug|Any CPU.Build.0 = Debug|Any CPU
		{61EE6974-BE7F-4878-B98D-9C97C3141C93}.Release|Any CPU.ActiveCfg = Release|Any CPU
		{61EE6974-BE7F-4878-B98D-9C97C3141C93}.Release|Any CPU.Build.0 = Release|Any CPU
	EndGlobalSection
	GlobalSection(SolutionProperties) = preSolution
		HideSolutionNode = FALSE
	EndGlobalSection
	GlobalSection(ExtensibilityGlobals) = postSolution
		SolutionGuid = {D889F139-888E-445D-836A-16EDDFA4A26A}
	EndGlobalSection
EndGlobal
